
Microsoft Visual Studio Solution File, Format Version 12.00
# Visual Studio Version 17
VisualStudioVersion = 17.10.35027.167
MinimumVisualStudioVersion = 10.0.40219.1
Project("{FAE04EC0-301F-11D3-BF4B-00C04F79EFBC}") = "mul__table", "mul__table\mul__table.csproj", "{E90ECC9D-C44C-4C10-87A1-5BC3277279B5}"
EndProject
Global
	GlobalSection(SolutionConfigurationPlatforms) = preSolution
		Debug|Any CPU = Debug|Any CPU
		Release|Any CPU = Release|Any CPU
	EndGlobalSection
	GlobalSection(ProjectConfigurationPlatforms) = postSolution
		{E90ECC9D-C44C-4C10-87A1-5BC3277279B5}.Debug|Any CPU.ActiveCfg = Debug|Any CPU
		{E90ECC9D-C44C-4C10-87A1-5BC3277279B5}.Debug|Any CPU.Build.0 = Debug|Any CPU
		{E90ECC9D-C44C-4C10-87A1-5BC3277279B5}.Release|Any CPU.ActiveCfg = Release|Any CPU
		{E90ECC9D-C44C-4C10-87A1-5BC3277279B5}.Release|Any CPU.Build.0 = Release|Any CPU
	EndGlobalSection
	GlobalSection(SolutionProperties) = preSolution
		HideSolutionNode = FALSE
	EndGlobalSection
	GlobalSection(ExtensibilityGlobals) = postSolution
		SolutionGuid = {508A7473-2B92-4292-807D-FEFDC86CA136}
	EndGlobalSection
EndGlobal
